
Microsoft Visual Studio Solution File, Format Version 12.00
# Visual Studio Version 16
VisualStudioVersion = 16.0.29123.89
MinimumVisualStudioVersion = 15.0.26124.0
Project("{9A19103F-16F7-4668-BE54-9A1E7A4F7556}") = "LiveRelaoding.Web", "LiveRelaoding.Web\LiveRelaoding.Web.csproj", "{464A7C7E-D0A8-46BC-BB58-54F691E9DF16}"
EndProject
Project("{9A19103F-16F7-4668-BE54-9A1E7A4F7556}") = "LiveReloading.Middleware", "LiveReloading.Middleware\LiveReloading.Middleware.csproj", "{562E0450-DCF8-49F4-9535-CF382DA2234D}"
EndProject
Global
	GlobalSection(SolutionConfigurationPlatforms) = preSolution
		Debug|Any CPU = Debug|Any CPU
		Debug|x64 = Debug|x64
		Debug|x86 = Debug|x86
		Release|Any CPU = Release|Any CPU
		Release|x64 = Release|x64
		Release|x86 = Release|x86
	EndGlobalSection
	GlobalSection(ProjectConfigurationPlatforms) = postSolution
		{464A7C7E-D0A8-46BC-BB58-54F691E9DF16}.Debug|Any CPU.ActiveCfg = Debug|Any CPU
		{464A7C7E-D0A8-46BC-BB58-54F691E9DF16}.Debug|Any CPU.Build.0 = Debug|Any CPU
		{464A7C7E-D0A8-46BC-BB58-54F691E9DF16}.Debug|x64.ActiveCfg = Debug|Any CPU
		{464A7C7E-D0A8-46BC-BB58-54F691E9DF16}.Debug|x64.Build.0 = Debug|Any CPU
		{464A7C7E-D0A8-46BC-BB58-54F691E9DF16}.Debug|x86.ActiveCfg = Debug|Any CPU
		{464A7C7E-D0A8-46BC-BB58-54F691E9DF16}.Debug|x86.Build.0 = Debug|Any CPU
		{464A7C7E-D0A8-46BC-BB58-54F691E9DF16}.Release|Any CPU.ActiveCfg = Release|Any CPU
		{464A7C7E-D0A8-46BC-BB58-54F691E9DF16}.Release|Any CPU.Build.0 = Release|Any CPU
		{464A7C7E-D0A8-46BC-BB58-54F691E9DF16}.Release|x64.ActiveCfg = Release|Any CPU
		{464A7C7E-D0A8-46BC-BB58-54F691E9DF16}.Release|x64.Build.0 = Release|Any CPU
		{464A7C7E-D0A8-46BC-BB58-54F691E9DF16}.Release|x86.ActiveCfg = Release|Any CPU
		{464A7C7E-D0A8-46BC-BB58-54F691E9DF16}.Release|x86.Build.0 = Release|Any CPU
		{562E0450-DCF8-49F4-9535-CF382DA2234D}.Debug|Any CPU.ActiveCfg = Debug|Any CPU
		{562E0450-DCF8-49F4-9535-CF382DA2234D}.Debug|Any CPU.Build.0 = Debug|Any CPU
		{562E0450-DCF8-49F4-9535-CF382DA2234D}.Debug|x64.ActiveCfg = Debug|Any CPU
		{562E0450-DCF8-49F4-9535-CF382DA2234D}.Debug|x64.Build.0 = Debug|Any CPU
		{562E0450-DCF8-49F4-9535-CF382DA2234D}.Debug|x86.ActiveCfg = Debug|Any CPU
		{562E0450-DCF8-49F4-9535-CF382DA2234D}.Debug|x86.Build.0 = Debug|Any CPU
		{562E0450-DCF8-49F4-9535-CF382DA2234D}.Release|Any CPU.ActiveCfg = Release|Any CPU
		{562E0450-DCF8-49F4-9535-CF382DA2234D}.Release|Any CPU.Build.0 = Release|Any CPU
		{562E0450-DCF8-49F4-9535-CF382DA2234D}.Release|x64.ActiveCfg = Release|Any CPU
		{562E0450-DCF8-49F4-9535-CF382DA2234D}.Release|x64.Build.0 = Release|Any CPU
		{562E0450-DCF8-49F4-9535-CF382DA2234D}.Release|x86.ActiveCfg = Release|Any CPU
		{562E0450-DCF8-49F4-9535-CF382DA2234D}.Release|x86.Build.0 = Release|Any CPU
	EndGlobalSection
	GlobalSection(SolutionProperties) = preSolution
		HideSolutionNode = FALSE
	EndGlobalSection
	GlobalSection(ExtensibilityGlobals) = postSolution
		SolutionGuid = {ECF7C6EB-CCD4-4D58-A3A0-482A78DF53D9}
	EndGlobalSection
EndGlobal
